{
  "name": "exnpm",
  "version": "1.0.0",
  "lockfileVersion": 1,
  "requires": true,
  "dependencies": {
    "normalize-url": {
      "version": "5.3.1",
      "resolved": "https://registry.npmjs.org/normalize-url/-/normalize-url-5.3.1.tgz",
      "integrity": "sha512-K1c7+vaAP+Yh5bOGmA10PGPpp+6h7WZrl7GwqKhUflBc9flU9pzG27DDeB9+iuhZkE3BJZOcgN1P/2sS5pqrWw=="
    }
  }
}
