{
  "name": "exnpm",
  "version": "1.0.0",
  "lockfileVersion": 1,
  "requires": true,
  "dependencies": {
    "normalize-url": {
      "version": "5.0.0",
      "resolved": "https://registry.npmjs.org/normalize-url/-/normalize-url-5.0.0.tgz",
      "integrity": "sha512-bAEm2fx8Dq/a35Z6PIRkkBBJvR56BbEJvhpNtvCZ4W9FyORSna77fn+xtYFjqk5JpBS+fMnAOG/wFgkQBmB7hw=="
    }
  }
}
